
Microsoft Visual Studio Solution File, Format Version 12.00
# Visual Studio Version 17
VisualStudioVersion = 17.5.33530.505
MinimumVisualStudioVersion = 10.0.40219.1
Project("{9A19103F-16F7-4668-BE54-9A1E7A4F7556}") = "AppJugueteria", "AppJugueteria\AppJugueteria.csproj", "{8C615B61-687D-4324-8597-A674B6B4B18E}"
EndProject
Project("{FAE04EC0-301F-11D3-BF4B-00C04F79EFBC}") = "SistemaGestion", "SistemaGestion\SistemaGestion.csproj", "{4CCC8EE1-C699-44EB-B0BB-0AA51D12D56C}"
EndProject
Global
	GlobalSection(SolutionConfigurationPlatforms) = preSolution
		Debug|Any CPU = Debug|Any CPU
		Release|Any CPU = Release|Any CPU
	EndGlobalSection
	GlobalSection(ProjectConfigurationPlatforms) = postSolution
		{8C615B61-687D-4324-8597-A674B6B4B18E}.Debug|Any CPU.ActiveCfg = Debug|Any CPU
		{8C615B61-687D-4324-8597-A674B6B4B18E}.Debug|Any CPU.Build.0 = Debug|Any CPU
		{8C615B61-687D-4324-8597-A674B6B4B18E}.Release|Any CPU.ActiveCfg = Release|Any CPU
		{8C615B61-687D-4324-8597-A674B6B4B18E}.Release|Any CPU.Build.0 = Release|Any CPU
		{4CCC8EE1-C699-44EB-B0BB-0AA51D12D56C}.Debug|Any CPU.ActiveCfg = Debug|Any CPU
		{4CCC8EE1-C699-44EB-B0BB-0AA51D12D56C}.Debug|Any CPU.Build.0 = Debug|Any CPU
		{4CCC8EE1-C699-44EB-B0BB-0AA51D12D56C}.Release|Any CPU.ActiveCfg = Release|Any CPU
		{4CCC8EE1-C699-44EB-B0BB-0AA51D12D56C}.Release|Any CPU.Build.0 = Release|Any CPU
	EndGlobalSection
	GlobalSection(SolutionProperties) = preSolution
		HideSolutionNode = FALSE
	EndGlobalSection
	GlobalSection(ExtensibilityGlobals) = postSolution
		SolutionGuid = {537F9474-CF6D-451B-B4F0-028AC1EF86D9}
	EndGlobalSection
EndGlobal
