
Microsoft Visual Studio Solution File, Format Version 12.00
# Visual Studio Version 17
VisualStudioVersion = 17.5.33530.505
MinimumVisualStudioVersion = 10.0.40219.1
Project("{9A19103F-16F7-4668-BE54-9A1E7A4F7556}") = "SistemaGestion", "SistemaGestion\SistemaGestion.csproj", "{4CCC8EE1-C699-44EB-B0BB-0AA51D12D56C}"
EndProject
Project("{FAE04EC0-301F-11D3-BF4B-00C04F79EFBC}") = "SistemaGestionEntities", "SistemaGestionEntities\SistemaGestionEntities.csproj", "{75CBB8FD-E39F-4989-B2F6-33F0ADE744AD}"
EndProject
Project("{FAE04EC0-301F-11D3-BF4B-00C04F79EFBC}") = "SistemaGestionData", "SistemaGestionData\SistemaGestionData.csproj", "{BCBD213E-4647-42FD-91C4-29741104E9B8}"
EndProject
Project("{FAE04EC0-301F-11D3-BF4B-00C04F79EFBC}") = "SistemaGestionBussiness", "SistemaGestionBussiness\SistemaGestionBussiness.csproj", "{319DB93D-8B9D-45F4-8B82-EC525CBC6CD7}"
EndProject
Project("{FAE04EC0-301F-11D3-BF4B-00C04F79EFBC}") = "SistemaGestionUI", "SistemaGestionUI\SistemaGestionUI.csproj", "{08BEDC14-7544-48D4-BDD4-0E905C8EF867}"
EndProject
Global
	GlobalSection(SolutionConfigurationPlatforms) = preSolution
		Debug|Any CPU = Debug|Any CPU
		Release|Any CPU = Release|Any CPU
	EndGlobalSection
	GlobalSection(ProjectConfigurationPlatforms) = postSolution
		{4CCC8EE1-C699-44EB-B0BB-0AA51D12D56C}.Debug|Any CPU.ActiveCfg = Debug|Any CPU
		{4CCC8EE1-C699-44EB-B0BB-0AA51D12D56C}.Debug|Any CPU.Build.0 = Debug|Any CPU
		{4CCC8EE1-C699-44EB-B0BB-0AA51D12D56C}.Release|Any CPU.ActiveCfg = Release|Any CPU
		{4CCC8EE1-C699-44EB-B0BB-0AA51D12D56C}.Release|Any CPU.Build.0 = Release|Any CPU
		{75CBB8FD-E39F-4989-B2F6-33F0ADE744AD}.Debug|Any CPU.ActiveCfg = Debug|Any CPU
		{75CBB8FD-E39F-4989-B2F6-33F0ADE744AD}.Debug|Any CPU.Build.0 = Debug|Any CPU
		{75CBB8FD-E39F-4989-B2F6-33F0ADE744AD}.Release|Any CPU.ActiveCfg = Release|Any CPU
		{75CBB8FD-E39F-4989-B2F6-33F0ADE744AD}.Release|Any CPU.Build.0 = Release|Any CPU
		{BCBD213E-4647-42FD-91C4-29741104E9B8}.Debug|Any CPU.ActiveCfg = Debug|Any CPU
		{BCBD213E-4647-42FD-91C4-29741104E9B8}.Debug|Any CPU.Build.0 = Debug|Any CPU
		{BCBD213E-4647-42FD-91C4-29741104E9B8}.Release|Any CPU.ActiveCfg = Release|Any CPU
		{BCBD213E-4647-42FD-91C4-29741104E9B8}.Release|Any CPU.Build.0 = Release|Any CPU
		{319DB93D-8B9D-45F4-8B82-EC525CBC6CD7}.Debug|Any CPU.ActiveCfg = Debug|Any CPU
		{319DB93D-8B9D-45F4-8B82-EC525CBC6CD7}.Debug|Any CPU.Build.0 = Debug|Any CPU
		{319DB93D-8B9D-45F4-8B82-EC525CBC6CD7}.Release|Any CPU.ActiveCfg = Release|Any CPU
		{319DB93D-8B9D-45F4-8B82-EC525CBC6CD7}.Release|Any CPU.Build.0 = Release|Any CPU
		{08BEDC14-7544-48D4-BDD4-0E905C8EF867}.Debug|Any CPU.ActiveCfg = Debug|Any CPU
		{08BEDC14-7544-48D4-BDD4-0E905C8EF867}.Debug|Any CPU.Build.0 = Debug|Any CPU
		{08BEDC14-7544-48D4-BDD4-0E905C8EF867}.Release|Any CPU.ActiveCfg = Release|Any CPU
		{08BEDC14-7544-48D4-BDD4-0E905C8EF867}.Release|Any CPU.Build.0 = Release|Any CPU
	EndGlobalSection
	GlobalSection(SolutionProperties) = preSolution
		HideSolutionNode = FALSE
	EndGlobalSection
	GlobalSection(ExtensibilityGlobals) = postSolution
		SolutionGuid = {537F9474-CF6D-451B-B4F0-028AC1EF86D9}
	EndGlobalSection
EndGlobal
